// !$*UTF8*$!
{
	archiveVersion = 1;
	classes = {
	};
	objectVersion = 55;
	objects = {

/* Begin PBXBuildFile section */
		32B04EBC280450E100342412 /* AppDelegate.swift in Sources */ = {isa = PBXBuildFile; fileRef = 32B04EBB280450E100342412 /* AppDelegate.swift */; };
		32B04EBE280450E100342412 /* SceneDelegate.swift in Sources */ = {isa = PBXBuildFile; fileRef = 32B04EBD280450E100342412 /* SceneDelegate.swift */; };
		32B04EC0280450E100342412 /* HomeViewController.swift in Sources */ = {isa = PBXBuildFile; fileRef = 32B04EBF280450E100342412 /* HomeViewController.swift */; };
		32B04EC5280450E100342412 /* Assets.xcassets in Resources */ = {isa = PBXBuildFile; fileRef = 32B04EC4280450E100342412 /* Assets.xcassets */; };
		32B04EC8280450E100342412 /* LaunchScreen.storyboard in Resources */ = {isa = PBXBuildFile; fileRef = 32B04EC6280450E100342412 /* LaunchScreen.storyboard */; };
		32B04ED32804534000342412 /* WeatherViewController.swift in Sources */ = {isa = PBXBuildFile; fileRef = 32B04ED22804534000342412 /* WeatherViewController.swift */; };
		32B04ED52804590500342412 /* WeatherViewControllerViewModel.swift in Sources */ = {isa = PBXBuildFile; fileRef = 32B04ED42804590500342412 /* WeatherViewControllerViewModel.swift */; };
		32B04EDA28045B6500342412 /* WeatherCell.swift in Sources */ = {isa = PBXBuildFile; fileRef = 32B04ED928045B6500342412 /* WeatherCell.swift */; };
		32B04EDC28045B8600342412 /* WeatherCellViewModel.swift in Sources */ = {isa = PBXBuildFile; fileRef = 32B04EDB28045B8600342412 /* WeatherCellViewModel.swift */; };
		32B04EDF28045C0400342412 /* CityLabel.swift in Sources */ = {isa = PBXBuildFile; fileRef = 32B04EDE28045C0400342412 /* CityLabel.swift */; };
		32B04EE128045C2F00342412 /* TemperatureLabel.swift in Sources */ = {isa = PBXBuildFile; fileRef = 32B04EE028045C2F00342412 /* TemperatureLabel.swift */; };
		32B04EE428045C5D00342412 /* WeatherImageView.swift in Sources */ = {isa = PBXBuildFile; fileRef = 32B04EE328045C5D00342412 /* WeatherImageView.swift */; };
		32B04EE728045C8F00342412 /* UIView+Ext.swift in Sources */ = {isa = PBXBuildFile; fileRef = 32B04EE628045C8F00342412 /* UIView+Ext.swift */; };
		32B04EE928045CA300342412 /* NSLayoutConstraint+Ext.swift in Sources */ = {isa = PBXBuildFile; fileRef = 32B04EE828045CA300342412 /* NSLayoutConstraint+Ext.swift */; };
		32B04EEB28045CD800342412 /* UIStackView+Ext.swift in Sources */ = {isa = PBXBuildFile; fileRef = 32B04EEA28045CD800342412 /* UIStackView+Ext.swift */; };
		32B04EED28045EF000342412 /* Array+Ext.swift in Sources */ = {isa = PBXBuildFile; fileRef = 32B04EEC28045EF000342412 /* Array+Ext.swift */; };
		32B04EF02804615D00342412 /* Weather.swift in Sources */ = {isa = PBXBuildFile; fileRef = 32B04EEF2804615D00342412 /* Weather.swift */; };
		32B04EF22804616300342412 /* WeatherResponse.swift in Sources */ = {isa = PBXBuildFile; fileRef = 32B04EF12804616300342412 /* WeatherResponse.swift */; };
		32B04EF5280463F800342412 /* Network.swift in Sources */ = {isa = PBXBuildFile; fileRef = 32B04EF4280463F800342412 /* Network.swift */; };
		32B04EF72804642300342412 /* OpenWeatherAPI.swift in Sources */ = {isa = PBXBuildFile; fileRef = 32B04EF62804642300342412 /* OpenWeatherAPI.swift */; };
		32B04EFB28046B9E00342412 /* RoundedButton.swift in Sources */ = {isa = PBXBuildFile; fileRef = 32B04EFA28046B9E00342412 /* RoundedButton.swift */; };
		32B04EFD28046BB800342412 /* LoadingView.swift in Sources */ = {isa = PBXBuildFile; fileRef = 32B04EFC28046BB800342412 /* LoadingView.swift */; };
		32B04EFF28046C1400342412 /* UIEdgeInsets+Ext.swift in Sources */ = {isa = PBXBuildFile; fileRef = 32B04EFE28046C1400342412 /* UIEdgeInsets+Ext.swift */; };
		32B04F0228046F8800342412 /* WeatherTableView.swift in Sources */ = {isa = PBXBuildFile; fileRef = 32B04F0128046F8800342412 /* WeatherTableView.swift */; };
		32B04F0428047EDA00342412 /* UIViewController+Ext.swift in Sources */ = {isa = PBXBuildFile; fileRef = 32B04F0328047EDA00342412 /* UIViewController+Ext.swift */; };
		32B04F0628049DCD00342412 /* Error.swift in Sources */ = {isa = PBXBuildFile; fileRef = 32B04F0528049DCD00342412 /* Error.swift */; };
		32B04F082804A7C400342412 /* AppView.swift in Sources */ = {isa = PBXBuildFile; fileRef = 32B04F072804A7C400342412 /* AppView.swift */; };
/* End PBXBuildFile section */

/* Begin PBXFileReference section */
		32B04EB8280450E100342412 /* ExomindWeather.app */ = {isa = PBXFileReference; explicitFileType = wrapper.application; includeInIndex = 0; path = ExomindWeather.app; sourceTree = BUILT_PRODUCTS_DIR; };
		32B04EBB280450E100342412 /* AppDelegate.swift */ = {isa = PBXFileReference; lastKnownFileType = sourcecode.swift; path = AppDelegate.swift; sourceTree = "<group>"; };
		32B04EBD280450E100342412 /* SceneDelegate.swift */ = {isa = PBXFileReference; lastKnownFileType = sourcecode.swift; path = SceneDelegate.swift; sourceTree = "<group>"; };
		32B04EBF280450E100342412 /* HomeViewController.swift */ = {isa = PBXFileReference; lastKnownFileType = sourcecode.swift; path = HomeViewController.swift; sourceTree = "<group>"; };
		32B04EC4280450E100342412 /* Assets.xcassets */ = {isa = PBXFileReference; lastKnownFileType = folder.assetcatalog; path = Assets.xcassets; sourceTree = "<group>"; };
		32B04EC7280450E100342412 /* Base */ = {isa = PBXFileReference; lastKnownFileType = file.storyboard; name = Base; path = Base.lproj/LaunchScreen.storyboard; sourceTree = "<group>"; };
		32B04EC9280450E100342412 /* Info.plist */ = {isa = PBXFileReference; lastKnownFileType = text.plist.xml; path = Info.plist; sourceTree = "<group>"; };
		32B04ED22804534000342412 /* WeatherViewController.swift */ = {isa = PBXFileReference; lastKnownFileType = sourcecode.swift; path = WeatherViewController.swift; sourceTree = "<group>"; };
		32B04ED42804590500342412 /* WeatherViewControllerViewModel.swift */ = {isa = PBXFileReference; lastKnownFileType = sourcecode.swift; path = WeatherViewControllerViewModel.swift; sourceTree = "<group>"; };
		32B04ED928045B6500342412 /* WeatherCell.swift */ = {isa = PBXFileReference; lastKnownFileType = sourcecode.swift; path = WeatherCell.swift; sourceTree = "<group>"; };
		32B04EDB28045B8600342412 /* WeatherCellViewModel.swift */ = {isa = PBXFileReference; lastKnownFileType = sourcecode.swift; path = WeatherCellViewModel.swift; sourceTree = "<group>"; };
		32B04EDE28045C0400342412 /* CityLabel.swift */ = {isa = PBXFileReference; lastKnownFileType = sourcecode.swift; path = CityLabel.swift; sourceTree = "<group>"; };
		32B04EE028045C2F00342412 /* TemperatureLabel.swift */ = {isa = PBXFileReference; lastKnownFileType = sourcecode.swift; path = TemperatureLabel.swift; sourceTree = "<group>"; };
		32B04EE328045C5D00342412 /* WeatherImageView.swift */ = {isa = PBXFileReference; lastKnownFileType = sourcecode.swift; path = WeatherImageView.swift; sourceTree = "<group>"; };
		32B04EE628045C8F00342412 /* UIView+Ext.swift */ = {isa = PBXFileReference; lastKnownFileType = sourcecode.swift; path = "UIView+Ext.swift"; sourceTree = "<group>"; };
		32B04EE828045CA300342412 /* NSLayoutConstraint+Ext.swift */ = {isa = PBXFileReference; lastKnownFileType = sourcecode.swift; path = "NSLayoutConstraint+Ext.swift"; sourceTree = "<group>"; };
		32B04EEA28045CD800342412 /* UIStackView+Ext.swift */ = {isa = PBXFileReference; lastKnownFileType = sourcecode.swift; path = "UIStackView+Ext.swift"; sourceTree = "<group>"; };
		32B04EEC28045EF000342412 /* Array+Ext.swift */ = {isa = PBXFileReference; lastKnownFileType = sourcecode.swift; path = "Array+Ext.swift"; sourceTree = "<group>"; };
		32B04EEF2804615D00342412 /* Weather.swift */ = {isa = PBXFileReference; lastKnownFileType = sourcecode.swift; path = Weather.swift; sourceTree = "<group>"; };
		32B04EF12804616300342412 /* WeatherResponse.swift */ = {isa = PBXFileReference; lastKnownFileType = sourcecode.swift; path = WeatherResponse.swift; sourceTree = "<group>"; };
		32B04EF4280463F800342412 /* Network.swift */ = {isa = PBXFileReference; lastKnownFileType = sourcecode.swift; path = Network.swift; sourceTree = "<group>"; };
		32B04EF62804642300342412 /* OpenWeatherAPI.swift */ = {isa = PBXFileReference; lastKnownFileType = sourcecode.swift; path = OpenWeatherAPI.swift; sourceTree = "<group>"; };
		32B04EFA28046B9E00342412 /* RoundedButton.swift */ = {isa = PBXFileReference; lastKnownFileType = sourcecode.swift; path = RoundedButton.swift; sourceTree = "<group>"; };
		32B04EFC28046BB800342412 /* LoadingView.swift */ = {isa = PBXFileReference; lastKnownFileType = sourcecode.swift; path = LoadingView.swift; sourceTree = "<group>"; };
		32B04EFE28046C1400342412 /* UIEdgeInsets+Ext.swift */ = {isa = PBXFileReference; lastKnownFileType = sourcecode.swift; path = "UIEdgeInsets+Ext.swift"; sourceTree = "<group>"; };
		32B04F0128046F8800342412 /* WeatherTableView.swift */ = {isa = PBXFileReference; lastKnownFileType = sourcecode.swift; path = WeatherTableView.swift; sourceTree = "<group>"; };
		32B04F0328047EDA00342412 /* UIViewController+Ext.swift */ = {isa = PBXFileReference; lastKnownFileType = sourcecode.swift; path = "UIViewController+Ext.swift"; sourceTree = "<group>"; };
		32B04F0528049DCD00342412 /* Error.swift */ = {isa = PBXFileReference; lastKnownFileType = sourcecode.swift; path = Error.swift; sourceTree = "<group>"; };
		32B04F072804A7C400342412 /* AppView.swift */ = {isa = PBXFileReference; lastKnownFileType = sourcecode.swift; path = AppView.swift; sourceTree = "<group>"; };
		32B04F092804C8DF00342412 /* README.md */ = {isa = PBXFileReference; lastKnownFileType = net.daringfireball.markdown; path = README.md; sourceTree = "<group>"; };
		32B04F102804CD4B00342412 /* Weather.png */ = {isa = PBXFileReference; lastKnownFileType = image.png; path = Weather.png; sourceTree = "<group>"; };
		32B04F112804CD4B00342412 /* Home.png */ = {isa = PBXFileReference; lastKnownFileType = image.png; path = Home.png; sourceTree = "<group>"; };
		32B04F132804CD9000342412 /* Loading.png */ = {isa = PBXFileReference; lastKnownFileType = image.png; path = Loading.png; sourceTree = "<group>"; };
/* End PBXFileReference section */

/* Begin PBXFrameworksBuildPhase section */
		32B04EB5280450E100342412 /* Frameworks */ = {
			isa = PBXFrameworksBuildPhase;
			buildActionMask = 2147483647;
			files = (
			);
			runOnlyForDeploymentPostprocessing = 0;
		};
/* End PBXFrameworksBuildPhase section */

/* Begin PBXGroup section */
		32B04EAF280450E100342412 = {
			isa = PBXGroup;
			children = (
				32B04F092804C8DF00342412 /* README.md */,
				32B04EBA280450E100342412 /* ExomindWeather */,
				32B04EB9280450E100342412 /* Products */,
			);
			sourceTree = "<group>";
		};
		32B04EB9280450E100342412 /* Products */ = {
			isa = PBXGroup;
			children = (
				32B04EB8280450E100342412 /* ExomindWeather.app */,
			);
			name = Products;
			sourceTree = "<group>";
		};
		32B04EBA280450E100342412 /* ExomindWeather */ = {
			isa = PBXGroup;
			children = (
				32B04ECF280452BA00342412 /* Controllers */,
				32B04EE528045C7A00342412 /* Extensions */,
				32B04EF3280463E000342412 /* Helpers */,
				32B04EEE2804615700342412 /* Models */,
				32B04F0A2804CC6900342412 /* Resources */,
				32B04ED628045B3900342412 /* Views */,
				32B04EBB280450E100342412 /* AppDelegate.swift */,
				32B04EBD280450E100342412 /* SceneDelegate.swift */,
				32B04EC4280450E100342412 /* Assets.xcassets */,
				32B04EC6280450E100342412 /* LaunchScreen.storyboard */,
				32B04EC9280450E100342412 /* Info.plist */,
			);
			path = ExomindWeather;
			sourceTree = "<group>";
		};
		32B04ECF280452BA00342412 /* Controllers */ = {
			isa = PBXGroup;
			children = (
				32B04ED0280452C300342412 /* Home */,
				32B04ED1280452CB00342412 /* Weather */,
			);
			path = Controllers;
			sourceTree = "<group>";
		};
		32B04ED0280452C300342412 /* Home */ = {
			isa = PBXGroup;
			children = (
				32B04EBF280450E100342412 /* HomeViewController.swift */,
			);
			path = Home;
			sourceTree = "<group>";
		};
		32B04ED1280452CB00342412 /* Weather */ = {
			isa = PBXGroup;
			children = (
				32B04ED22804534000342412 /* WeatherViewController.swift */,
				32B04ED42804590500342412 /* WeatherViewControllerViewModel.swift */,
			);
			path = Weather;
			sourceTree = "<group>";
		};
		32B04ED628045B3900342412 /* Views */ = {
			isa = PBXGroup;
			children = (
				32B04F0028046F7600342412 /* TableViews */,
				32B04EF928046B8B00342412 /* Buttons */,
				32B04EF828046B8500342412 /* Custom */,
				32B04EE228045C4900342412 /* ImageViews */,
				32B04EDD28045BF800342412 /* Labels */,
				32B04ED728045B4700342412 /* Cells */,
			);
			path = Views;
			sourceTree = "<group>";
		};
		32B04ED728045B4700342412 /* Cells */ = {
			isa = PBXGroup;
			children = (
				32B04ED828045B4C00342412 /* WeatherCell */,
			);
			path = Cells;
			sourceTree = "<group>";
		};
		32B04ED828045B4C00342412 /* WeatherCell */ = {
			isa = PBXGroup;
			children = (
				32B04ED928045B6500342412 /* WeatherCell.swift */,
				32B04EDB28045B8600342412 /* WeatherCellViewModel.swift */,
			);
			path = WeatherCell;
			sourceTree = "<group>";
		};
		32B04EDD28045BF800342412 /* Labels */ = {
			isa = PBXGroup;
			children = (
				32B04EDE28045C0400342412 /* CityLabel.swift */,
				32B04EE028045C2F00342412 /* TemperatureLabel.swift */,
			);
			path = Labels;
			sourceTree = "<group>";
		};
		32B04EE228045C4900342412 /* ImageViews */ = {
			isa = PBXGroup;
			children = (
				32B04EE328045C5D00342412 /* WeatherImageView.swift */,
			);
			path = ImageViews;
			sourceTree = "<group>";
		};
		32B04EE528045C7A00342412 /* Extensions */ = {
			isa = PBXGroup;
			children = (
				32B04EEC28045EF000342412 /* Array+Ext.swift */,
				32B04EE828045CA300342412 /* NSLayoutConstraint+Ext.swift */,
				32B04EFE28046C1400342412 /* UIEdgeInsets+Ext.swift */,
				32B04EEA28045CD800342412 /* UIStackView+Ext.swift */,
				32B04EE628045C8F00342412 /* UIView+Ext.swift */,
				32B04F0328047EDA00342412 /* UIViewController+Ext.swift */,
			);
			path = Extensions;
			sourceTree = "<group>";
		};
		32B04EEE2804615700342412 /* Models */ = {
			isa = PBXGroup;
			children = (
				32B04EEF2804615D00342412 /* Weather.swift */,
				32B04EF12804616300342412 /* WeatherResponse.swift */,
			);
			path = Models;
			sourceTree = "<group>";
		};
		32B04EF3280463E000342412 /* Helpers */ = {
			isa = PBXGroup;
			children = (
				32B04F0528049DCD00342412 /* Error.swift */,
				32B04EF4280463F800342412 /* Network.swift */,
				32B04EF62804642300342412 /* OpenWeatherAPI.swift */,
			);
			path = Helpers;
			sourceTree = "<group>";
		};
		32B04EF828046B8500342412 /* Custom */ = {
			isa = PBXGroup;
			children = (
				32B04F072804A7C400342412 /* AppView.swift */,
				32B04EFC28046BB800342412 /* LoadingView.swift */,
			);
			path = Custom;
			sourceTree = "<group>";
		};
		32B04EF928046B8B00342412 /* Buttons */ = {
			isa = PBXGroup;
			children = (
				32B04EFA28046B9E00342412 /* RoundedButton.swift */,
			);
			path = Buttons;
			sourceTree = "<group>";
		};
		32B04F0028046F7600342412 /* TableViews */ = {
			isa = PBXGroup;
			children = (
				32B04F0128046F8800342412 /* WeatherTableView.swift */,
			);
			path = TableViews;
			sourceTree = "<group>";
		};
		32B04F0A2804CC6900342412 /* Resources */ = {
			isa = PBXGroup;
			children = (
				32B04F0B2804CC7C00342412 /* Screenshots */,
			);
			path = Resources;
			sourceTree = "<group>";
		};
		32B04F0B2804CC7C00342412 /* Screenshots */ = {
			isa = PBXGroup;
			children = (
				32B04F112804CD4B00342412 /* Home.png */,
				32B04F132804CD9000342412 /* Loading.png */,
				32B04F102804CD4B00342412 /* Weather.png */,
			);
			path = Screenshots;
			sourceTree = "<group>";
		};
/* End PBXGroup section */

/* Begin PBXNativeTarget section */
		32B04EB7280450E100342412 /* ExomindWeather */ = {
			isa = PBXNativeTarget;
			buildConfigurationList = 32B04ECC280450E100342412 /* Build configuration list for PBXNativeTarget "ExomindWeather" */;
			buildPhases = (
				32B04EB4280450E100342412 /* Sources */,
				32B04EB5280450E100342412 /* Frameworks */,
				32B04EB6280450E100342412 /* Resources */,
			);
			buildRules = (
			);
			dependencies = (
			);
			name = ExomindWeather;
			productName = ExomindWeather;
			productReference = 32B04EB8280450E100342412 /* ExomindWeather.app */;
			productType = "com.apple.product-type.application";
		};
/* End PBXNativeTarget section */

/* Begin PBXProject section */
		32B04EB0280450E100342412 /* Project object */ = {
			isa = PBXProject;
			attributes = {
				BuildIndependentTargetsInParallel = 1;
				LastSwiftUpdateCheck = 1330;
				LastUpgradeCheck = 1330;
				TargetAttributes = {
					32B04EB7280450E100342412 = {
						CreatedOnToolsVersion = 13.3;
					};
				};
			};
			buildConfigurationList = 32B04EB3280450E100342412 /* Build configuration list for PBXProject "ExomindWeather" */;
			compatibilityVersion = "Xcode 13.0";
			developmentRegion = en;
			hasScannedForEncodings = 0;
			knownRegions = (
				en,
				Base,
			);
			mainGroup = 32B04EAF280450E100342412;
			productRefGroup = 32B04EB9280450E100342412 /* Products */;
			projectDirPath = "";
			projectRoot = "";
			targets = (
				32B04EB7280450E100342412 /* ExomindWeather */,
			);
		};
/* End PBXProject section */

/* Begin PBXResourcesBuildPhase section */
		32B04EB6280450E100342412 /* Resources */ = {
			isa = PBXResourcesBuildPhase;
			buildActionMask = 2147483647;
			files = (
				32B04EC8280450E100342412 /* LaunchScreen.storyboard in Resources */,
				32B04EC5280450E100342412 /* Assets.xcassets in Resources */,
			);
			runOnlyForDeploymentPostprocessing = 0;
		};
/* End PBXResourcesBuildPhase section */

/* Begin PBXSourcesBuildPhase section */
		32B04EB4280450E100342412 /* Sources */ = {
			isa = PBXSourcesBuildPhase;
			buildActionMask = 2147483647;
			files = (
				32B04ED52804590500342412 /* WeatherViewControllerViewModel.swift in Sources */,
				32B04EE728045C8F00342412 /* UIView+Ext.swift in Sources */,
				32B04EC0280450E100342412 /* HomeViewController.swift in Sources */,
				32B04F082804A7C400342412 /* AppView.swift in Sources */,
				32B04EFB28046B9E00342412 /* RoundedButton.swift in Sources */,
				32B04F0228046F8800342412 /* WeatherTableView.swift in Sources */,
				32B04F0428047EDA00342412 /* UIViewController+Ext.swift in Sources */,
				32B04EFF28046C1400342412 /* UIEdgeInsets+Ext.swift in Sources */,
				32B04EDA28045B6500342412 /* WeatherCell.swift in Sources */,
				32B04EF02804615D00342412 /* Weather.swift in Sources */,
				32B04EE428045C5D00342412 /* WeatherImageView.swift in Sources */,
				32B04EDF28045C0400342412 /* CityLabel.swift in Sources */,
				32B04ED32804534000342412 /* WeatherViewController.swift in Sources */,
				32B04EED28045EF000342412 /* Array+Ext.swift in Sources */,
				32B04EE928045CA300342412 /* NSLayoutConstraint+Ext.swift in Sources */,
				32B04EF5280463F800342412 /* Network.swift in Sources */,
				32B04EF72804642300342412 /* OpenWeatherAPI.swift in Sources */,
				32B04F0628049DCD00342412 /* Error.swift in Sources */,
				32B04EFD28046BB800342412 /* LoadingView.swift in Sources */,
				32B04EDC28045B8600342412 /* WeatherCellViewModel.swift in Sources */,
				32B04EBC280450E100342412 /* AppDelegate.swift in Sources */,
				32B04EEB28045CD800342412 /* UIStackView+Ext.swift in Sources */,
				32B04EE128045C2F00342412 /* TemperatureLabel.swift in Sources */,
				32B04EBE280450E100342412 /* SceneDelegate.swift in Sources */,
				32B04EF22804616300342412 /* WeatherResponse.swift in Sources */,
			);
			runOnlyForDeploymentPostprocessing = 0;
		};
/* End PBXSourcesBuildPhase section */

/* Begin PBXVariantGroup section */
		32B04EC6280450E100342412 /* LaunchScreen.storyboard */ = {
			isa = PBXVariantGroup;
			children = (
				32B04EC7280450E100342412 /* Base */,
			);
			name = LaunchScreen.storyboard;
			sourceTree = "<group>";
		};
/* End PBXVariantGroup section */

/* Begin XCBuildConfiguration section */
		32B04ECA280450E100342412 /* Debug */ = {
			isa = XCBuildConfiguration;
			buildSettings = {
				ALWAYS_SEARCH_USER_PATHS = NO;
				CLANG_ANALYZER_NONNULL = YES;
				CLANG_ANALYZER_NUMBER_OBJECT_CONVERSION = YES_AGGRESSIVE;
				CLANG_CXX_LANGUAGE_STANDARD = "gnu++17";
				CLANG_ENABLE_MODULES = YES;
				CLANG_ENABLE_OBJC_ARC = YES;
				CLANG_ENABLE_OBJC_WEAK = YES;
				CLANG_WARN_BLOCK_CAPTURE_AUTORELEASING = YES;
				CLANG_WARN_BOOL_CONVERSION = YES;
				CLANG_WARN_COMMA = YES;
				CLANG_WARN_CONSTANT_CONVERSION = YES;
				CLANG_WARN_DEPRECATED_OBJC_IMPLEMENTATIONS = YES;
				CLANG_WARN_DIRECT_OBJC_ISA_USAGE = YES_ERROR;
				CLANG_WARN_DOCUMENTATION_COMMENTS = YES;
				CLANG_WARN_EMPTY_BODY = YES;
				CLANG_WARN_ENUM_CONVERSION = YES;
				CLANG_WARN_INFINITE_RECURSION = YES;
				CLANG_WARN_INT_CONVERSION = YES;
				CLANG_WARN_NON_LITERAL_NULL_CONVERSION = YES;
				CLANG_WARN_OBJC_IMPLICIT_RETAIN_SELF = YES;
				CLANG_WARN_OBJC_LITERAL_CONVERSION = YES;
				CLANG_WARN_OBJC_ROOT_CLASS = YES_ERROR;
				CLANG_WARN_QUOTED_INCLUDE_IN_FRAMEWORK_HEADER = YES;
				CLANG_WARN_RANGE_LOOP_ANALYSIS = YES;
				CLANG_WARN_STRICT_PROTOTYPES = YES;
				CLANG_WARN_SUSPICIOUS_MOVE = YES;
				CLANG_WARN_UNGUARDED_AVAILABILITY = YES_AGGRESSIVE;
				CLANG_WARN_UNREACHABLE_CODE = YES;
				CLANG_WARN__DUPLICATE_METHOD_MATCH = YES;
				COPY_PHASE_STRIP = NO;
				DEBUG_INFORMATION_FORMAT = dwarf;
				ENABLE_STRICT_OBJC_MSGSEND = YES;
				ENABLE_TESTABILITY = YES;
				GCC_C_LANGUAGE_STANDARD = gnu11;
				GCC_DYNAMIC_NO_PIC = NO;
				GCC_NO_COMMON_BLOCKS = YES;
				GCC_OPTIMIZATION_LEVEL = 0;
				GCC_PREPROCESSOR_DEFINITIONS = (
					"DEBUG=1",
					"$(inherited)",
				);
				GCC_WARN_64_TO_32_BIT_CONVERSION = YES;
				GCC_WARN_ABOUT_RETURN_TYPE = YES_ERROR;
				GCC_WARN_UNDECLARED_SELECTOR = YES;
				GCC_WARN_UNINITIALIZED_AUTOS = YES_AGGRESSIVE;
				GCC_WARN_UNUSED_FUNCTION = YES;
				GCC_WARN_UNUSED_VARIABLE = YES;
				IPHONEOS_DEPLOYMENT_TARGET = 15.4;
				MTL_ENABLE_DEBUG_INFO = INCLUDE_SOURCE;
				MTL_FAST_MATH = YES;
				ONLY_ACTIVE_ARCH = YES;
				SDKROOT = iphoneos;
				SWIFT_ACTIVE_COMPILATION_CONDITIONS = DEBUG;
				SWIFT_OPTIMIZATION_LEVEL = "-Onone";
			};
			name = Debug;
		};
		32B04ECB280450E100342412 /* Release */ = {
			isa = XCBuildConfiguration;
			buildSettings = {
				ALWAYS_SEARCH_USER_PATHS = NO;
				CLANG_ANALYZER_NONNULL = YES;
				CLANG_ANALYZER_NUMBER_OBJECT_CONVERSION = YES_AGGRESSIVE;
				CLANG_CXX_LANGUAGE_STANDARD = "gnu++17";
				CLANG_ENABLE_MODULES = YES;
				CLANG_ENABLE_OBJC_ARC = YES;
				CLANG_ENABLE_OBJC_WEAK = YES;
				CLANG_WARN_BLOCK_CAPTURE_AUTORELEASING = YES;
				CLANG_WARN_BOOL_CONVERSION = YES;
				CLANG_WARN_COMMA = YES;
				CLANG_WARN_CONSTANT_CONVERSION = YES;
				CLANG_WARN_DEPRECATED_OBJC_IMPLEMENTATIONS = YES;
				CLANG_WARN_DIRECT_OBJC_ISA_USAGE = YES_ERROR;
				CLANG_WARN_DOCUMENTATION_COMMENTS = YES;
				CLANG_WARN_EMPTY_BODY = YES;
				CLANG_WARN_ENUM_CONVERSION = YES;
				CLANG_WARN_INFINITE_RECURSION = YES;
				CLANG_WARN_INT_CONVERSION = YES;
				CLANG_WARN_NON_LITERAL_NULL_CONVERSION = YES;
				CLANG_WARN_OBJC_IMPLICIT_RETAIN_SELF = YES;
				CLANG_WARN_OBJC_LITERAL_CONVERSION = YES;
				CLANG_WARN_OBJC_ROOT_CLASS = YES_ERROR;
				CLANG_WARN_QUOTED_INCLUDE_IN_FRAMEWORK_HEADER = YES;
				CLANG_WARN_RANGE_LOOP_ANALYSIS = YES;
				CLANG_WARN_STRICT_PROTOTYPES = YES;
				CLANG_WARN_SUSPICIOUS_MOVE = YES;
				CLANG_WARN_UNGUARDED_AVAILABILITY = YES_AGGRESSIVE;
				CLANG_WARN_UNREACHABLE_CODE = YES;
				CLANG_WARN__DUPLICATE_METHOD_MATCH = YES;
				COPY_PHASE_STRIP = NO;
				DEBUG_INFORMATION_FORMAT = "dwarf-with-dsym";
				ENABLE_NS_ASSERTIONS = NO;
				ENABLE_STRICT_OBJC_MSGSEND = YES;
				GCC_C_LANGUAGE_STANDARD = gnu11;
				GCC_NO_COMMON_BLOCKS = YES;
				GCC_WARN_64_TO_32_BIT_CONVERSION = YES;
				GCC_WARN_ABOUT_RETURN_TYPE = YES_ERROR;
				GCC_WARN_UNDECLARED_SELECTOR = YES;
				GCC_WARN_UNINITIALIZED_AUTOS = YES_AGGRESSIVE;
				GCC_WARN_UNUSED_FUNCTION = YES;
				GCC_WARN_UNUSED_VARIABLE = YES;
				IPHONEOS_DEPLOYMENT_TARGET = 15.4;
				MTL_ENABLE_DEBUG_INFO = NO;
				MTL_FAST_MATH = YES;
				SDKROOT = iphoneos;
				SWIFT_COMPILATION_MODE = wholemodule;
				SWIFT_OPTIMIZATION_LEVEL = "-O";
				VALIDATE_PRODUCT = YES;
			};
			name = Release;
		};
		32B04ECD280450E100342412 /* Debug */ = {
			isa = XCBuildConfiguration;
			buildSettings = {
				ASSETCATALOG_COMPILER_APPICON_NAME = AppIcon;
				ASSETCATALOG_COMPILER_GLOBAL_ACCENT_COLOR_NAME = AccentColor;
				CODE_SIGN_STYLE = Automatic;
				CURRENT_PROJECT_VERSION = 1;
				DEVELOPMENT_TEAM = 7F8G4PL5ET;
				GENERATE_INFOPLIST_FILE = YES;
				INFOPLIST_FILE = ExomindWeather/Info.plist;
				INFOPLIST_KEY_UIApplicationSupportsIndirectInputEvents = YES;
				INFOPLIST_KEY_UILaunchStoryboardName = LaunchScreen;
				INFOPLIST_KEY_UISupportedInterfaceOrientations_iPad = "UIInterfaceOrientationPortrait UIInterfaceOrientationPortraitUpsideDown UIInterfaceOrientationLandscapeLeft UIInterfaceOrientationLandscapeRight";
				INFOPLIST_KEY_UISupportedInterfaceOrientations_iPhone = "UIInterfaceOrientationPortrait UIInterfaceOrientationLandscapeLeft UIInterfaceOrientationLandscapeRight";
				IPHONEOS_DEPLOYMENT_TARGET = 13.0;
				LD_RUNPATH_SEARCH_PATHS = (
					"$(inherited)",
					"@executable_path/Frameworks",
				);
				MARKETING_VERSION = 1.0;
				PRODUCT_BUNDLE_IDENTIFIER = com.reqven.ExomindWeather;
				PRODUCT_NAME = "$(TARGET_NAME)";
				SWIFT_EMIT_LOC_STRINGS = YES;
				SWIFT_VERSION = 5.0;
				TARGETED_DEVICE_FAMILY = "1,2";
			};
			name = Debug;
		};
		32B04ECE280450E100342412 /* Release */ = {
			isa = XCBuildConfiguration;
			buildSettings = {
				ASSETCATALOG_COMPILER_APPICON_NAME = AppIcon;
				ASSETCATALOG_COMPILER_GLOBAL_ACCENT_COLOR_NAME = AccentColor;
				CODE_SIGN_STYLE = Automatic;
				CURRENT_PROJECT_VERSION = 1;
				DEVELOPMENT_TEAM = 7F8G4PL5ET;
				GENERATE_INFOPLIST_FILE = YES;
				INFOPLIST_FILE = ExomindWeather/Info.plist;
				INFOPLIST_KEY_UIApplicationSupportsIndirectInputEvents = YES;
				INFOPLIST_KEY_UILaunchStoryboardName = LaunchScreen;
				INFOPLIST_KEY_UISupportedInterfaceOrientations_iPad = "UIInterfaceOrientationPortrait UIInterfaceOrientationPortraitUpsideDown UIInterfaceOrientationLandscapeLeft UIInterfaceOrientationLandscapeRight";
				INFOPLIST_KEY_UISupportedInterfaceOrientations_iPhone = "UIInterfaceOrientationPortrait UIInterfaceOrientationLandscapeLeft UIInterfaceOrientationLandscapeRight";
				IPHONEOS_DEPLOYMENT_TARGET = 13.0;
				LD_RUNPATH_SEARCH_PATHS = (
					"$(inherited)",
					"@executable_path/Frameworks",
				);
				MARKETING_VERSION = 1.0;
				PRODUCT_BUNDLE_IDENTIFIER = com.reqven.ExomindWeather;
				PRODUCT_NAME = "$(TARGET_NAME)";
				SWIFT_EMIT_LOC_STRINGS = YES;
				SWIFT_VERSION = 5.0;
				TARGETED_DEVICE_FAMILY = "1,2";
			};
			name = Release;
		};
/* End XCBuildConfiguration section */

/* Begin XCConfigurationList section */
		32B04EB3280450E100342412 /* Build configuration list for PBXProject "ExomindWeather" */ = {
			isa = XCConfigurationList;
			buildConfigurations = (
				32B04ECA280450E100342412 /* Debug */,
				32B04ECB280450E100342412 /* Release */,
			);
			defaultConfigurationIsVisible = 0;
			defaultConfigurationName = Release;
		};
		32B04ECC280450E100342412 /* Build configuration list for PBXNativeTarget "ExomindWeather" */ = {
			isa = XCConfigurationList;
			buildConfigurations = (
				32B04ECD280450E100342412 /* Debug */,
				32B04ECE280450E100342412 /* Release */,
			);
			defaultConfigurationIsVisible = 0;
			defaultConfigurationName = Release;
		};
/* End XCConfigurationList section */
	};
	rootObject = 32B04EB0280450E100342412 /* Project object */;
}
